
Microsoft Visual Studio Solution File, Format Version 12.00
# Visual Studio Version 17
VisualStudioVersion = 17.1.32421.90
MinimumVisualStudioVersion = 10.0.40219.1
Project("{FAE04EC0-301F-11D3-BF4B-00C04F79EFBC}") = "POMFirstProject", "POMFirstProject\POMFirstProject.csproj", "{8C6AA98F-EBC8-42F0-B9EE-7D6C3045EC2F}"
EndProject
Global
	GlobalSection(SolutionConfigurationPlatforms) = preSolution
		Debug|Any CPU = Debug|Any CPU
		Release|Any CPU = Release|Any CPU
	EndGlobalSection
	GlobalSection(ProjectConfigurationPlatforms) = postSolution
		{8C6AA98F-EBC8-42F0-B9EE-7D6C3045EC2F}.Debug|Any CPU.ActiveCfg = Debug|Any CPU
		{8C6AA98F-EBC8-42F0-B9EE-7D6C3045EC2F}.Debug|Any CPU.Build.0 = Debug|Any CPU
		{8C6AA98F-EBC8-42F0-B9EE-7D6C3045EC2F}.Release|Any CPU.ActiveCfg = Release|Any CPU
		{8C6AA98F-EBC8-42F0-B9EE-7D6C3045EC2F}.Release|Any CPU.Build.0 = Release|Any CPU
	EndGlobalSection
	GlobalSection(SolutionProperties) = preSolution
		HideSolutionNode = FALSE
	EndGlobalSection
	GlobalSection(ExtensibilityGlobals) = postSolution
		SolutionGuid = {233B29C9-75D2-4E11-BD5B-F916E70F0075}
	EndGlobalSection
EndGlobal
